
Microsoft Visual Studio Solution File, Format Version 12.00
# Visual Studio Version 17
VisualStudioVersion = 17.2.32602.215
MinimumVisualStudioVersion = 10.0.40219.1
Project("{FAE04EC0-301F-11D3-BF4B-00C04F79EFBC}") = "chess-console", "chess-console\chess-console.csproj", "{A78289E1-055C-45E2-965F-01AD3DDC7695}"
EndProject
Global
	GlobalSection(SolutionConfigurationPlatforms) = preSolution
		Debug|Any CPU = Debug|Any CPU
		Release|Any CPU = Release|Any CPU
	EndGlobalSection
	GlobalSection(ProjectConfigurationPlatforms) = postSolution
		{A78289E1-055C-45E2-965F-01AD3DDC7695}.Debug|Any CPU.ActiveCfg = Debug|Any CPU
		{A78289E1-055C-45E2-965F-01AD3DDC7695}.Debug|Any CPU.Build.0 = Debug|Any CPU
		{A78289E1-055C-45E2-965F-01AD3DDC7695}.Release|Any CPU.ActiveCfg = Release|Any CPU
		{A78289E1-055C-45E2-965F-01AD3DDC7695}.Release|Any CPU.Build.0 = Release|Any CPU
	EndGlobalSection
	GlobalSection(SolutionProperties) = preSolution
		HideSolutionNode = FALSE
	EndGlobalSection
	GlobalSection(ExtensibilityGlobals) = postSolution
		SolutionGuid = {555A2BD3-CC04-4566-8371-C50594549E76}
	EndGlobalSection
EndGlobal
