
Microsoft Visual Studio Solution File, Format Version 12.00
# Visual Studio Version 17
VisualStudioVersion = 17.2.32602.215
MinimumVisualStudioVersion = 10.0.40219.1
Project("{FAE04EC0-301F-11D3-BF4B-00C04F79EFBC}") = "console-chess", "console-chess\console-chess.csproj", "{2006627B-87F2-4AE2-A06E-6DC12250BA38}"
EndProject
Global
	GlobalSection(SolutionConfigurationPlatforms) = preSolution
		Debug|Any CPU = Debug|Any CPU
		Release|Any CPU = Release|Any CPU
	EndGlobalSection
	GlobalSection(ProjectConfigurationPlatforms) = postSolution
		{2006627B-87F2-4AE2-A06E-6DC12250BA38}.Debug|Any CPU.ActiveCfg = Debug|Any CPU
		{2006627B-87F2-4AE2-A06E-6DC12250BA38}.Debug|Any CPU.Build.0 = Debug|Any CPU
		{2006627B-87F2-4AE2-A06E-6DC12250BA38}.Release|Any CPU.ActiveCfg = Release|Any CPU
		{2006627B-87F2-4AE2-A06E-6DC12250BA38}.Release|Any CPU.Build.0 = Release|Any CPU
	EndGlobalSection
	GlobalSection(SolutionProperties) = preSolution
		HideSolutionNode = FALSE
	EndGlobalSection
	GlobalSection(ExtensibilityGlobals) = postSolution
		SolutionGuid = {2614C1B8-A252-49C7-81B8-26FA313290DC}
	EndGlobalSection
EndGlobal
